<?xml version="1.0" encoding="utf-8"?>
<Project ToolsVersion="4.0" xmlns="http://schemas.microsoft.com/developer/msbuild/2003">
  <ItemGroup>
    <ClCompile Include="Main.c" />
    <ClCompile Include="MkWstr.c" />
    <ClCompile Include="MkList.c" />
  </ItemGroup>
  <ItemGroup>
    <ClInclude Include="MkWStr.h" />
    <ClInclude Include="MkList.h" />
  </ItemGroup>
</Project>